// !$*UTF8*$!
{
	archiveVersion = 1;
	classes = {
	};
	objectVersion = 50;
	objects = {

/* Begin PBXBuildFile section */
		02381CE621237C5E00A4B431 /* main.cpp in Sources */ = {isa = PBXBuildFile; fileRef = 02381CE521237C5E00A4B431 /* main.cpp */; };
		02381CEE21237EBC00A4B431 /* TelephoneNumber.cpp in Sources */ = {isa = PBXBuildFile; fileRef = 02381CEC21237EBC00A4B431 /* TelephoneNumber.cpp */; };
		02381CF12123820800A4B431 /* WorkingTN.cpp in Sources */ = {isa = PBXBuildFile; fileRef = 02381CEF2123820800A4B431 /* WorkingTN.cpp */; };
		02381CF42123842F00A4B431 /* BillingTN.cpp in Sources */ = {isa = PBXBuildFile; fileRef = 02381CF22123842F00A4B431 /* BillingTN.cpp */; };
/* End PBXBuildFile section */

/* Begin PBXCopyFilesBuildPhase section */
		02381CE021237C5E00A4B431 /* CopyFiles */ = {
			isa = PBXCopyFilesBuildPhase;
			buildActionMask = 2147483647;
			dstPath = /usr/share/man/man1/;
			dstSubfolderSpec = 0;
			files = (
			);
			runOnlyForDeploymentPostprocessing = 1;
		};
/* End PBXCopyFilesBuildPhase section */

/* Begin PBXFileReference section */
		02381CE221237C5E00A4B431 /* CS 215 Lab 4 */ = {isa = PBXFileReference; explicitFileType = "compiled.mach-o.executable"; includeInIndex = 0; path = "CS 215 Lab 4"; sourceTree = BUILT_PRODUCTS_DIR; };
		02381CE521237C5E00A4B431 /* main.cpp */ = {isa = PBXFileReference; lastKnownFileType = sourcecode.cpp.cpp; path = main.cpp; sourceTree = "<group>"; };
		02381CEC21237EBC00A4B431 /* TelephoneNumber.cpp */ = {isa = PBXFileReference; lastKnownFileType = sourcecode.cpp.cpp; path = TelephoneNumber.cpp; sourceTree = "<group>"; };
		02381CED21237EBC00A4B431 /* TelephoneNumber.hpp */ = {isa = PBXFileReference; lastKnownFileType = sourcecode.cpp.h; path = TelephoneNumber.hpp; sourceTree = "<group>"; };
		02381CEF2123820800A4B431 /* WorkingTN.cpp */ = {isa = PBXFileReference; lastKnownFileType = sourcecode.cpp.cpp; path = WorkingTN.cpp; sourceTree = "<group>"; };
		02381CF02123820800A4B431 /* WorkingTN.hpp */ = {isa = PBXFileReference; lastKnownFileType = sourcecode.cpp.h; path = WorkingTN.hpp; sourceTree = "<group>"; };
		02381CF22123842F00A4B431 /* BillingTN.cpp */ = {isa = PBXFileReference; lastKnownFileType = sourcecode.cpp.cpp; path = BillingTN.cpp; sourceTree = "<group>"; };
		02381CF32123842F00A4B431 /* BillingTN.hpp */ = {isa = PBXFileReference; lastKnownFileType = sourcecode.cpp.h; path = BillingTN.hpp; sourceTree = "<group>"; };
/* End PBXFileReference section */

/* Begin PBXFrameworksBuildPhase section */
		02381CDF21237C5E00A4B431 /* Frameworks */ = {
			isa = PBXFrameworksBuildPhase;
			buildActionMask = 2147483647;
			files = (
			);
			runOnlyForDeploymentPostprocessing = 0;
		};
/* End PBXFrameworksBuildPhase section */

/* Begin PBXGroup section */
		02381CD921237C5E00A4B431 = {
			isa = PBXGroup;
			children = (
				02381CE421237C5E00A4B431 /* CS 215 Lab 4 */,
				02381CE321237C5E00A4B431 /* Products */,
			);
			sourceTree = "<group>";
		};
		02381CE321237C5E00A4B431 /* Products */ = {
			isa = PBXGroup;
			children = (
				02381CE221237C5E00A4B431 /* CS 215 Lab 4 */,
			);
			name = Products;
			sourceTree = "<group>";
		};
		02381CE421237C5E00A4B431 /* CS 215 Lab 4 */ = {
			isa = PBXGroup;
			children = (
				02381CE521237C5E00A4B431 /* main.cpp */,
				02381CEC21237EBC00A4B431 /* TelephoneNumber.cpp */,
				02381CED21237EBC00A4B431 /* TelephoneNumber.hpp */,
				02381CEF2123820800A4B431 /* WorkingTN.cpp */,
				02381CF02123820800A4B431 /* WorkingTN.hpp */,
				02381CF22123842F00A4B431 /* BillingTN.cpp */,
				02381CF32123842F00A4B431 /* BillingTN.hpp */,
			);
			path = "CS 215 Lab 4";
			sourceTree = "<group>";
		};
/* End PBXGroup section */

/* Begin PBXNativeTarget section */
		02381CE121237C5E00A4B431 /* CS 215 Lab 4 */ = {
			isa = PBXNativeTarget;
			buildConfigurationList = 02381CE921237C5E00A4B431 /* Build configuration list for PBXNativeTarget "CS 215 Lab 4" */;
			buildPhases = (
				02381CDE21237C5E00A4B431 /* Sources */,
				02381CDF21237C5E00A4B431 /* Frameworks */,
				02381CE021237C5E00A4B431 /* CopyFiles */,
			);
			buildRules = (
			);
			dependencies = (
			);
			name = "CS 215 Lab 4";
			productName = "CS 215 Lab 4";
			productReference = 02381CE221237C5E00A4B431 /* CS 215 Lab 4 */;
			productType = "com.apple.product-type.tool";
		};
/* End PBXNativeTarget section */

/* Begin PBXProject section */
		02381CDA21237C5E00A4B431 /* Project object */ = {
			isa = PBXProject;
			attributes = {
				LastUpgradeCheck = 0940;
				ORGANIZATIONNAME = "Micheal Smith";
				TargetAttributes = {
					02381CE121237C5E00A4B431 = {
						CreatedOnToolsVersion = 9.4.1;
					};
				};
			};
			buildConfigurationList = 02381CDD21237C5E00A4B431 /* Build configuration list for PBXProject "CS 215 Lab 4" */;
			compatibilityVersion = "Xcode 9.3";
			developmentRegion = en;
			hasScannedForEncodings = 0;
			knownRegions = (
				en,
			);
			mainGroup = 02381CD921237C5E00A4B431;
			productRefGroup = 02381CE321237C5E00A4B431 /* Products */;
			projectDirPath = "";
			projectRoot = "";
			targets = (
				02381CE121237C5E00A4B431 /* CS 215 Lab 4 */,
			);
		};
/* End PBXProject section */

/* Begin PBXSourcesBuildPhase section */
		02381CDE21237C5E00A4B431 /* Sources */ = {
			isa = PBXSourcesBuildPhase;
			buildActionMask = 2147483647;
			files = (
				02381CE621237C5E00A4B431 /* main.cpp in Sources */,
				02381CF42123842F00A4B431 /* BillingTN.cpp in Sources */,
				02381CF12123820800A4B431 /* WorkingTN.cpp in Sources */,
				02381CEE21237EBC00A4B431 /* TelephoneNumber.cpp in Sources */,
			);
			runOnlyForDeploymentPostprocessing = 0;
		};
/* End PBXSourcesBuildPhase section */

/* Begin XCBuildConfiguration section */
		02381CE721237C5E00A4B431 /* Debug */ = {
			isa = XCBuildConfiguration;
			buildSettings = {
				ALWAYS_SEARCH_USER_PATHS = NO;
				CLANG_ANALYZER_NONNULL = YES;
				CLANG_ANALYZER_NUMBER_OBJECT_CONVERSION = YES_AGGRESSIVE;
				CLANG_CXX_LANGUAGE_STANDARD = "gnu++14";
				CLANG_CXX_LIBRARY = "libc++";
				CLANG_ENABLE_MODULES = YES;
				CLANG_ENABLE_OBJC_ARC = YES;
				CLANG_ENABLE_OBJC_WEAK = YES;
				CLANG_WARN_BLOCK_CAPTURE_AUTORELEASING = YES;
				CLANG_WARN_BOOL_CONVERSION = YES;
				CLANG_WARN_COMMA = YES;
				CLANG_WARN_CONSTANT_CONVERSION = YES;
				CLANG_WARN_DEPRECATED_OBJC_IMPLEMENTATIONS = YES;
				CLANG_WARN_DIRECT_OBJC_ISA_USAGE = YES_ERROR;
				CLANG_WARN_DOCUMENTATION_COMMENTS = YES;
				CLANG_WARN_EMPTY_BODY = YES;
				CLANG_WARN_ENUM_CONVERSION = YES;
				CLANG_WARN_INFINITE_RECURSION = YES;
				CLANG_WARN_INT_CONVERSION = YES;
				CLANG_WARN_NON_LITERAL_NULL_CONVERSION = YES;
				CLANG_WARN_OBJC_IMPLICIT_RETAIN_SELF = YES;
				CLANG_WARN_OBJC_LITERAL_CONVERSION = YES;
				CLANG_WARN_OBJC_ROOT_CLASS = YES_ERROR;
				CLANG_WARN_RANGE_LOOP_ANALYSIS = YES;
				CLANG_WARN_STRICT_PROTOTYPES = YES;
				CLANG_WARN_SUSPICIOUS_MOVE = YES;
				CLANG_WARN_UNGUARDED_AVAILABILITY = YES_AGGRESSIVE;
				CLANG_WARN_UNREACHABLE_CODE = YES;
				CLANG_WARN__DUPLICATE_METHOD_MATCH = YES;
				CODE_SIGN_IDENTITY = "Mac Developer";
				COPY_PHASE_STRIP = NO;
				DEBUG_INFORMATION_FORMAT = dwarf;
				ENABLE_STRICT_OBJC_MSGSEND = YES;
				ENABLE_TESTABILITY = YES;
				GCC_C_LANGUAGE_STANDARD = gnu11;
				GCC_DYNAMIC_NO_PIC = NO;
				GCC_NO_COMMON_BLOCKS = YES;
				GCC_OPTIMIZATION_LEVEL = 0;
				GCC_PREPROCESSOR_DEFINITIONS = (
					"DEBUG=1",
					"$(inherited)",
				);
				GCC_WARN_64_TO_32_BIT_CONVERSION = YES;
				GCC_WARN_ABOUT_RETURN_TYPE = YES_ERROR;
				GCC_WARN_UNDECLARED_SELECTOR = YES;
				GCC_WARN_UNINITIALIZED_AUTOS = YES_AGGRESSIVE;
				GCC_WARN_UNUSED_FUNCTION = YES;
				GCC_WARN_UNUSED_VARIABLE = YES;
				MACOSX_DEPLOYMENT_TARGET = 10.13;
				MTL_ENABLE_DEBUG_INFO = YES;
				ONLY_ACTIVE_ARCH = YES;
				SDKROOT = macosx;
			};
			name = Debug;
		};
		02381CE821237C5E00A4B431 /* Release */ = {
			isa = XCBuildConfiguration;
			buildSettings = {
				ALWAYS_SEARCH_USER_PATHS = NO;
				CLANG_ANALYZER_NONNULL = YES;
				CLANG_ANALYZER_NUMBER_OBJECT_CONVERSION = YES_AGGRESSIVE;
				CLANG_CXX_LANGUAGE_STANDARD = "gnu++14";
				CLANG_CXX_LIBRARY = "libc++";
				CLANG_ENABLE_MODULES = YES;
				CLANG_ENABLE_OBJC_ARC = YES;
				CLANG_ENABLE_OBJC_WEAK = YES;
				CLANG_WARN_BLOCK_CAPTURE_AUTORELEASING = YES;
				CLANG_WARN_BOOL_CONVERSION = YES;
				CLANG_WARN_COMMA = YES;
				CLANG_WARN_CONSTANT_CONVERSION = YES;
				CLANG_WARN_DEPRECATED_OBJC_IMPLEMENTATIONS = YES;
				CLANG_WARN_DIRECT_OBJC_ISA_USAGE = YES_ERROR;
				CLANG_WARN_DOCUMENTATION_COMMENTS = YES;
				CLANG_WARN_EMPTY_BODY = YES;
				CLANG_WARN_ENUM_CONVERSION = YES;
				CLANG_WARN_INFINITE_RECURSION = YES;
				CLANG_WARN_INT_CONVERSION = YES;
				CLANG_WARN_NON_LITERAL_NULL_CONVERSION = YES;
				CLANG_WARN_OBJC_IMPLICIT_RETAIN_SELF = YES;
				CLANG_WARN_OBJC_LITERAL_CONVERSION = YES;
				CLANG_WARN_OBJC_ROOT_CLASS = YES_ERROR;
				CLANG_WARN_RANGE_LOOP_ANALYSIS = YES;
				CLANG_WARN_STRICT_PROTOTYPES = YES;
				CLANG_WARN_SUSPICIOUS_MOVE = YES;
				CLANG_WARN_UNGUARDED_AVAILABILITY = YES_AGGRESSIVE;
				CLANG_WARN_UNREACHABLE_CODE = YES;
				CLANG_WARN__DUPLICATE_METHOD_MATCH = YES;
				CODE_SIGN_IDENTITY = "Mac Developer";
				COPY_PHASE_STRIP = NO;
				DEBUG_INFORMATION_FORMAT = "dwarf-with-dsym";
				ENABLE_NS_ASSERTIONS = NO;
				ENABLE_STRICT_OBJC_MSGSEND = YES;
				GCC_C_LANGUAGE_STANDARD = gnu11;
				GCC_NO_COMMON_BLOCKS = YES;
				GCC_WARN_64_TO_32_BIT_CONVERSION = YES;
				GCC_WARN_ABOUT_RETURN_TYPE = YES_ERROR;
				GCC_WARN_UNDECLARED_SELECTOR = YES;
				GCC_WARN_UNINITIALIZED_AUTOS = YES_AGGRESSIVE;
				GCC_WARN_UNUSED_FUNCTION = YES;
				GCC_WARN_UNUSED_VARIABLE = YES;
				MACOSX_DEPLOYMENT_TARGET = 10.13;
				MTL_ENABLE_DEBUG_INFO = NO;
				SDKROOT = macosx;
			};
			name = Release;
		};
		02381CEA21237C5E00A4B431 /* Debug */ = {
			isa = XCBuildConfiguration;
			buildSettings = {
				CODE_SIGN_STYLE = Automatic;
				DEVELOPMENT_TEAM = 6ATN54X899;
				MACOSX_DEPLOYMENT_TARGET = 10.13;
				PRODUCT_NAME = "$(TARGET_NAME)";
			};
			name = Debug;
		};
		02381CEB21237C5E00A4B431 /* Release */ = {
			isa = XCBuildConfiguration;
			buildSettings = {
				CODE_SIGN_STYLE = Automatic;
				DEVELOPMENT_TEAM = 6ATN54X899;
				MACOSX_DEPLOYMENT_TARGET = 10.13;
				PRODUCT_NAME = "$(TARGET_NAME)";
			};
			name = Release;
		};
/* End XCBuildConfiguration section */

/* Begin XCConfigurationList section */
		02381CDD21237C5E00A4B431 /* Build configuration list for PBXProject "CS 215 Lab 4" */ = {
			isa = XCConfigurationList;
			buildConfigurations = (
				02381CE721237C5E00A4B431 /* Debug */,
				02381CE821237C5E00A4B431 /* Release */,
			);
			defaultConfigurationIsVisible = 0;
			defaultConfigurationName = Release;
		};
		02381CE921237C5E00A4B431 /* Build configuration list for PBXNativeTarget "CS 215 Lab 4" */ = {
			isa = XCConfigurationList;
			buildConfigurations = (
				02381CEA21237C5E00A4B431 /* Debug */,
				02381CEB21237C5E00A4B431 /* Release */,
			);
			defaultConfigurationIsVisible = 0;
			defaultConfigurationName = Release;
		};
/* End XCConfigurationList section */
	};
	rootObject = 02381CDA21237C5E00A4B431 /* Project object */;
}
